
Microsoft Visual Studio Solution File, Format Version 12.00
# Visual Studio Version 17
VisualStudioVersion = 17.10.34916.146
MinimumVisualStudioVersion = 10.0.40219.1
Project("{FAE04EC0-301F-11D3-BF4B-00C04F79EFBC}") = "Blog.Server", "Blog.Server\Blog.Server.csproj", "{961A57E1-CC18-4A5F-9882-D5066E6A26D0}"
EndProject
Project("{54A90642-561A-4BB1-A94E-469ADEE60C69}") = "blog.client", "blog.client\blog.client.esproj", "{C095BFED-B413-4AD6-9D10-D641DCEFF1EB}"
EndProject
Global
	GlobalSection(SolutionConfigurationPlatforms) = preSolution
		Debug|Any CPU = Debug|Any CPU
		Release|Any CPU = Release|Any CPU
	EndGlobalSection
	GlobalSection(ProjectConfigurationPlatforms) = postSolution
		{961A57E1-CC18-4A5F-9882-D5066E6A26D0}.Debug|Any CPU.ActiveCfg = Debug|Any CPU
		{961A57E1-CC18-4A5F-9882-D5066E6A26D0}.Debug|Any CPU.Build.0 = Debug|Any CPU
		{961A57E1-CC18-4A5F-9882-D5066E6A26D0}.Release|Any CPU.ActiveCfg = Release|Any CPU
		{961A57E1-CC18-4A5F-9882-D5066E6A26D0}.Release|Any CPU.Build.0 = Release|Any CPU
		{C095BFED-B413-4AD6-9D10-D641DCEFF1EB}.Debug|Any CPU.ActiveCfg = Debug|Any CPU
		{C095BFED-B413-4AD6-9D10-D641DCEFF1EB}.Debug|Any CPU.Build.0 = Debug|Any CPU
		{C095BFED-B413-4AD6-9D10-D641DCEFF1EB}.Debug|Any CPU.Deploy.0 = Debug|Any CPU
		{C095BFED-B413-4AD6-9D10-D641DCEFF1EB}.Release|Any CPU.ActiveCfg = Release|Any CPU
		{C095BFED-B413-4AD6-9D10-D641DCEFF1EB}.Release|Any CPU.Build.0 = Release|Any CPU
		{C095BFED-B413-4AD6-9D10-D641DCEFF1EB}.Release|Any CPU.Deploy.0 = Release|Any CPU
	EndGlobalSection
	GlobalSection(SolutionProperties) = preSolution
		HideSolutionNode = FALSE
	EndGlobalSection
	GlobalSection(ExtensibilityGlobals) = postSolution
		SolutionGuid = {41B6B375-2B2C-4096-8FF7-1561DFA52D21}
	EndGlobalSection
EndGlobal
